
Microsoft Visual Studio Solution File, Format Version 12.00
# Visual Studio Version 16
VisualStudioVersion = 16.0.29709.97
MinimumVisualStudioVersion = 10.0.40219.1
Project("{FAE04EC0-301F-11D3-BF4B-00C04F79EFBC}") = "CreateRoomsRevitPlugin", "CreateRoomsRevitPlugin\CreateRoomsRevitPlugin.csproj", "{5045C6C3-49A5-44C7-A815-D55C857E9A2D}"
EndProject
Global
	GlobalSection(SolutionConfigurationPlatforms) = preSolution
		Debug|Any CPU = Debug|Any CPU
		Release|Any CPU = Release|Any CPU
	EndGlobalSection
	GlobalSection(ProjectConfigurationPlatforms) = postSolution
		{5045C6C3-49A5-44C7-A815-D55C857E9A2D}.Debug|Any CPU.ActiveCfg = Debug|Any CPU
		{5045C6C3-49A5-44C7-A815-D55C857E9A2D}.Debug|Any CPU.Build.0 = Debug|Any CPU
		{5045C6C3-49A5-44C7-A815-D55C857E9A2D}.Release|Any CPU.ActiveCfg = Release|Any CPU
		{5045C6C3-49A5-44C7-A815-D55C857E9A2D}.Release|Any CPU.Build.0 = Release|Any CPU
	EndGlobalSection
	GlobalSection(SolutionProperties) = preSolution
		HideSolutionNode = FALSE
	EndGlobalSection
	GlobalSection(ExtensibilityGlobals) = postSolution
		SolutionGuid = {80423CEE-301F-468A-830D-05EFA9335E50}
	EndGlobalSection
EndGlobal
